<?xml version="1.0" encoding="utf-8"?>
<Project ToolsVersion="4.0" xmlns="http://schemas.microsoft.com/developer/msbuild/2003">
  <ItemGroup>
    <Filter Include="Source Files">
      <UniqueIdentifier>{4FC737F1-C7A5-4376-A066-2A32D752A2FF}</UniqueIdentifier>
      <Extensions>cpp;c;cc;cxx;def;odl;idl;hpj;bat;asm;asmx</Extensions>
    </Filter>
    <Filter Include="Header Files">
      <UniqueIdentifier>{93995380-89BD-4b04-88EB-625FBE52EBFB}</UniqueIdentifier>
      <Extensions>h;hh;hpp;hxx;hm;inl;inc;xsd</Extensions>
    </Filter>
    <Filter Include="Resource Files">
      <UniqueIdentifier>{67DA6AB6-F800-4c08-8B7A-83BB121AAD01}</UniqueIdentifier>
      <Extensions>rc;ico;cur;bmp;dlg;rc2;rct;bin;rgs;gif;jpg;jpeg;jpe;resx;tiff;tif;png;wav;mfcribbon-ms</Extensions>
    </Filter>
    <Filter Include="Source Files\Shaders">
      <UniqueIdentifier>{3bde869d-f9ea-4f6e-9832-1d3e0f61c85e}</UniqueIdentifier>
    </Filter>
    <Filter Include="Source Files\Textures">
      <UniqueIdentifier>{7dd7c68d-c9c0-43d7-a521-ac511865b2ef}</UniqueIdentifier>
    </Filter>
    <Filter Include="Source Files\Models">
      <UniqueIdentifier>{a35673ec-0717-4825-859c-185375ff73af}</UniqueIdentifier>
    </Filter>
  </ItemGroup>
  <ItemGroup>
    <ClCompile Include="..\..\..\..\..\..\Downloads\glad\src\glad.c">
      <Filter>Source Files</Filter>
    </ClCompile>
    <ClCompile Include="..\..\Source\main.cpp">
      <Filter>Source Files</Filter>
    </ClCompile>
    <ClCompile Include="..\..\Source\OpenGLInstance.cpp">
      <Filter>Source Files</Filter>
    </ClCompile>
    <ClCompile Include="..\..\..\Source\Drawable.cpp">
      <Filter>Source Files</Filter>
    </ClCompile>
    <ClCompile Include="..\..\..\Source\GameObject.cpp">
      <Filter>Source Files</Filter>
    </ClCompile>
    <ClCompile Include="..\..\..\Source\InputControl.cpp">
      <Filter>Source Files</Filter>
    </ClCompile>
    <ClCompile Include="..\..\..\Source\Material.cpp">
      <Filter>Source Files</Filter>
    </ClCompile>
    <ClCompile Include="..\..\..\Source\Camera.cpp">
      <Filter>Source Files</Filter>
    </ClCompile>
    <ClCompile Include="..\..\..\Source\RigidBody.cpp">
      <Filter>Source Files</Filter>
    </ClCompile>
  </ItemGroup>
  <ItemGroup>
    <ClInclude Include="..\..\Headers\OpenGlInstance.h">
      <Filter>Header Files</Filter>
    </ClInclude>
    <ClInclude Include="..\..\Headers\Headers.h">
      <Filter>Header Files</Filter>
    </ClInclude>
    <ClInclude Include="..\..\..\Headers\GameObject.h">
      <Filter>Header Files</Filter>
    </ClInclude>
    <ClInclude Include="..\..\..\Headers\Property.h">
      <Filter>Header Files</Filter>
    </ClInclude>
    <ClInclude Include="..\..\..\Headers\Drawable.h">
      <Filter>Header Files</Filter>
    </ClInclude>
    <ClInclude Include="..\..\..\Headers\Material.h">
      <Filter>Header Files</Filter>
    </ClInclude>
    <ClInclude Include="..\..\..\Headers\Shader.h">
      <Filter>Header Files</Filter>
    </ClInclude>
    <ClInclude Include="..\..\..\Headers\Renderer.h">
      <Filter>Header Files</Filter>
    </ClInclude>
    <ClInclude Include="..\..\..\Headers\Camera.h">
      <Filter>Header Files</Filter>
    </ClInclude>
    <ClInclude Include="baseShapeCoords.h">
      <Filter>Header Files</Filter>
    </ClInclude>
    <ClInclude Include="..\..\..\Headers\objLoader.h">
      <Filter>Header Files</Filter>
    </ClInclude>
    <ClInclude Include="..\..\..\Headers\InputControl.h">
      <Filter>Header Files</Filter>
    </ClInclude>
    <ClInclude Include="..\..\..\Headers\RigidBody.h">
      <Filter>Header Files</Filter>
    </ClInclude>
  </ItemGroup>
  <ItemGroup>
    <None Include="diffuseSpec.frag">
      <Filter>Source Files\Shaders</Filter>
    </None>
    <None Include="diffuseSpec.vert">
      <Filter>Source Files\Shaders</Filter>
    </None>
    <None Include="displacePhong.frag">
      <Filter>Source Files\Shaders</Filter>
    </None>
    <None Include="displacePhong.vert">
      <Filter>Source Files\Shaders</Filter>
    </None>
    <None Include="base.frag">
      <Filter>Source Files\Shaders</Filter>
    </None>
    <None Include="base.vert">
      <Filter>Source Files\Shaders</Filter>
    </None>
    <None Include="PBR.frag">
      <Filter>Source Files\Shaders</Filter>
    </None>
    <None Include="PBR.vert">
      <Filter>Source Files\Shaders</Filter>
    </None>
    <None Include="phong.frag">
      <Filter>Source Files\Shaders</Filter>
    </None>
    <None Include="phong.vert">
      <Filter>Source Files\Shaders</Filter>
    </None>
    <None Include="phongFull.frag">
      <Filter>Source Files\Shaders</Filter>
    </None>
    <None Include="phongFull.vert">
      <Filter>Source Files\Shaders</Filter>
    </None>
    <None Include="phongSingle.vert">
      <Filter>Source Files\Shaders</Filter>
    </None>
    <None Include="phongSun.frag">
      <Filter>Source Files\Shaders</Filter>
    </None>
    <None Include="phongSun.vert">
      <Filter>Source Files\Shaders</Filter>
    </None>
    <None Include="some.ice">
      <Filter>Source Files\Models</Filter>
    </None>
    <None Include="standard.frag">
      <Filter>Source Files\Shaders</Filter>
    </None>
    <None Include="standard.vert">
      <Filter>Source Files\Shaders</Filter>
    </None>
    <None Include="texturedSimple.frag">
      <Filter>Source Files\Shaders</Filter>
    </None>
    <None Include="texturedSimple.vert">
      <Filter>Source Files\Shaders</Filter>
    </None>
    <None Include="texturedUnlit.frag">
      <Filter>Source Files\Shaders</Filter>
    </None>
    <None Include="texturedUnlit.vert">
      <Filter>Source Files\Shaders</Filter>
    </None>
  </ItemGroup>
  <ItemGroup>
    <Image Include="gf.bmp">
      <Filter>Source Files\Textures</Filter>
    </Image>
    <Image Include="normal.png">
      <Filter>Source Files\Textures</Filter>
    </Image>
    <Image Include="specular.bmp">
      <Filter>Source Files\Textures</Filter>
    </Image>
  </ItemGroup>
  <ItemGroup>
    <Text Include="someObj.txt">
      <Filter>Source Files\Models</Filter>
    </Text>
  </ItemGroup>
</Project>