
Microsoft Visual Studio Solution File, Format Version 12.00
# Visual Studio 15
VisualStudioVersion = 15.0.27130.2027
MinimumVisualStudioVersion = 10.0.40219.1
Project("{8BC9CEB8-8B4A-11D0-8D11-00A0C91BC942}") = "IceCapsServer", "IceCaps\IceCaps.vcxproj", "{C4919165-10D9-4150-8FCB-DD00D0576396}"
EndProject
Global
	GlobalSection(SolutionConfigurationPlatforms) = preSolution
		Debug|x64 = Debug|x64
		Debug|x86 = Debug|x86
		Release|x64 = Release|x64
		Release|x86 = Release|x86
	EndGlobalSection
	GlobalSection(ProjectConfigurationPlatforms) = postSolution
		{C4919165-10D9-4150-8FCB-DD00D0576396}.Debug|x64.ActiveCfg = Debug|x64
		{C4919165-10D9-4150-8FCB-DD00D0576396}.Debug|x64.Build.0 = Debug|x64
		{C4919165-10D9-4150-8FCB-DD00D0576396}.Debug|x86.ActiveCfg = Debug|Win32
		{C4919165-10D9-4150-8FCB-DD00D0576396}.Debug|x86.Build.0 = Debug|Win32
		{C4919165-10D9-4150-8FCB-DD00D0576396}.Release|x64.ActiveCfg = Release|x64
		{C4919165-10D9-4150-8FCB-DD00D0576396}.Release|x64.Build.0 = Release|x64
		{C4919165-10D9-4150-8FCB-DD00D0576396}.Release|x86.ActiveCfg = Release|Win32
		{C4919165-10D9-4150-8FCB-DD00D0576396}.Release|x86.Build.0 = Release|Win32
	EndGlobalSection
	GlobalSection(SolutionProperties) = preSolution
		HideSolutionNode = FALSE
	EndGlobalSection
	GlobalSection(ExtensibilityGlobals) = postSolution
		SolutionGuid = {DDC01814-8288-46D1-8160-96198D4F0E24}
	EndGlobalSection
EndGlobal
