<?xml version="1.0" encoding="utf-8"?>
<Project ToolsVersion="4.0" xmlns="http://schemas.microsoft.com/developer/msbuild/2003">
  <ItemGroup>
    <Filter Include="Source Files">
      <UniqueIdentifier>{4FC737F1-C7A5-4376-A066-2A32D752A2FF}</UniqueIdentifier>
      <Extensions>cpp;c;cc;cxx;def;odl;idl;hpj;bat;asm;asmx</Extensions>
    </Filter>
    <Filter Include="Header Files">
      <UniqueIdentifier>{93995380-89BD-4b04-88EB-625FBE52EBFB}</UniqueIdentifier>
      <Extensions>h;hh;hpp;hxx;hm;inl;inc;xsd</Extensions>
    </Filter>
    <Filter Include="Resource Files">
      <UniqueIdentifier>{67DA6AB6-F800-4c08-8B7A-83BB121AAD01}</UniqueIdentifier>
      <Extensions>rc;ico;cur;bmp;dlg;rc2;rct;bin;rgs;gif;jpg;jpeg;jpe;resx;tiff;tif;png;wav;mfcribbon-ms</Extensions>
    </Filter>
    <Filter Include="Source Files\shaders">
      <UniqueIdentifier>{185f23ad-4c81-4b97-b236-ca0b9440a8ae}</UniqueIdentifier>
    </Filter>
    <Filter Include="Source Files\textures">
      <UniqueIdentifier>{df0a960b-cdb9-4361-af34-140897884313}</UniqueIdentifier>
    </Filter>
    <Filter Include="Header Files\Network">
      <UniqueIdentifier>{035f8843-d404-4612-9157-d298cc3f72e5}</UniqueIdentifier>
    </Filter>
    <Filter Include="Header Files\Objects">
      <UniqueIdentifier>{79fb6ed7-047b-4f33-b090-75fb45b1d27b}</UniqueIdentifier>
    </Filter>
    <Filter Include="Header Files\Rendering">
      <UniqueIdentifier>{06245593-e2c6-4ea2-8ea8-0547ba021301}</UniqueIdentifier>
    </Filter>
  </ItemGroup>
  <ItemGroup>
    <ClCompile Include="..\..\Source\OpenGLInstance.cpp">
      <Filter>Source Files</Filter>
    </ClCompile>
    <ClCompile Include="..\..\..\Source\GameObject.cpp">
      <Filter>Source Files</Filter>
    </ClCompile>
    <ClCompile Include="..\..\..\Source\Drawable.cpp">
      <Filter>Source Files</Filter>
    </ClCompile>
    <ClCompile Include="..\..\..\Source\Material.cpp">
      <Filter>Source Files</Filter>
    </ClCompile>
    <ClCompile Include="..\..\..\Source\Camera.cpp">
      <Filter>Source Files</Filter>
    </ClCompile>
    <ClCompile Include="..\..\Source\main.cpp">
      <Filter>Source Files</Filter>
    </ClCompile>
    <ClCompile Include="..\..\..\Source\InputControl.cpp">
      <Filter>Source Files</Filter>
    </ClCompile>
    <ClCompile Include="..\..\..\Source\RigidBody.cpp">
      <Filter>Source Files</Filter>
    </ClCompile>
    <ClCompile Include="..\..\..\Source\SphereCollider.cpp">
      <Filter>Source Files</Filter>
    </ClCompile>
    <ClCompile Include="..\..\..\Source\ObjectFactory.cpp">
      <Filter>Source Files</Filter>
    </ClCompile>
    <ClCompile Include="..\..\..\Source\IrradianceMap.cpp">
      <Filter>Source Files</Filter>
    </ClCompile>
    <ClCompile Include="..\..\..\Source\BoxCollider.cpp">
      <Filter>Source Files</Filter>
    </ClCompile>
    <ClCompile Include="..\..\..\..\..\Visual Studio 2017\Libraries\glad\src\glad.c">
      <Filter>Source Files</Filter>
    </ClCompile>
    <ClCompile Include="..\..\..\Source\NetClient.cpp">
      <Filter>Source Files</Filter>
    </ClCompile>
    <ClCompile Include="..\..\..\Source\NetServer.cpp">
      <Filter>Source Files</Filter>
    </ClCompile>
    <ClCompile Include="..\..\..\Source\GameTimer.cpp">
      <Filter>Source Files</Filter>
    </ClCompile>
  </ItemGroup>
  <ItemGroup>
    <ClInclude Include="..\..\Headers\Headers.h">
      <Filter>Header Files</Filter>
    </ClInclude>
    <ClInclude Include="..\..\..\Headers\InputControl.h">
      <Filter>Header Files</Filter>
    </ClInclude>
    <ClInclude Include="..\..\..\Headers\NetClient.h">
      <Filter>Header Files\Network</Filter>
    </ClInclude>
    <ClInclude Include="..\..\..\Headers\NetServer.h">
      <Filter>Header Files\Network</Filter>
    </ClInclude>
    <ClInclude Include="..\..\..\Headers\baseShapeCoords.h">
      <Filter>Header Files\Objects</Filter>
    </ClInclude>
    <ClInclude Include="..\..\..\Headers\BoxCollider.h">
      <Filter>Header Files\Objects</Filter>
    </ClInclude>
    <ClInclude Include="..\..\..\Headers\Camera.h">
      <Filter>Header Files\Objects</Filter>
    </ClInclude>
    <ClInclude Include="..\..\..\Headers\Collider.h">
      <Filter>Header Files\Objects</Filter>
    </ClInclude>
    <ClInclude Include="..\..\..\Headers\GameObject.h">
      <Filter>Header Files\Objects</Filter>
    </ClInclude>
    <ClInclude Include="..\..\..\Headers\iceLoader.h">
      <Filter>Header Files\Objects</Filter>
    </ClInclude>
    <ClInclude Include="..\..\..\Headers\objLoader.h">
      <Filter>Header Files\Objects</Filter>
    </ClInclude>
    <ClInclude Include="..\..\..\Headers\RigidBody.h">
      <Filter>Header Files\Objects</Filter>
    </ClInclude>
    <ClInclude Include="..\..\..\Headers\SphereCollider.h">
      <Filter>Header Files\Objects</Filter>
    </ClInclude>
    <ClInclude Include="..\..\..\Headers\ObjectFactory.h">
      <Filter>Header Files\Objects</Filter>
    </ClInclude>
    <ClInclude Include="..\..\..\Headers\SceneLoader.h">
      <Filter>Header Files\Objects</Filter>
    </ClInclude>
    <ClInclude Include="..\..\..\Headers\stb_image.h">
      <Filter>Header Files\Rendering</Filter>
    </ClInclude>
    <ClInclude Include="..\..\..\Headers\Shader.h">
      <Filter>Header Files\Rendering</Filter>
    </ClInclude>
    <ClInclude Include="..\..\..\Headers\Renderer.h">
      <Filter>Header Files\Rendering</Filter>
    </ClInclude>
    <ClInclude Include="..\..\Headers\OpenGlInstance.h">
      <Filter>Header Files\Rendering</Filter>
    </ClInclude>
    <ClInclude Include="..\..\..\Headers\Material.h">
      <Filter>Header Files\Rendering</Filter>
    </ClInclude>
    <ClInclude Include="..\..\..\Headers\Light.h">
      <Filter>Header Files\Rendering</Filter>
    </ClInclude>
    <ClInclude Include="..\..\..\Headers\IrradianceMap.h">
      <Filter>Header Files\Rendering</Filter>
    </ClInclude>
    <ClInclude Include="..\..\..\Headers\Drawable.h">
      <Filter>Header Files\Rendering</Filter>
    </ClInclude>
    <ClInclude Include="..\..\..\Headers\Property.h">
      <Filter>Header Files\Objects</Filter>
    </ClInclude>
    <ClInclude Include="..\..\..\Headers\GameTimer.h">
      <Filter>Header Files</Filter>
    </ClInclude>
  </ItemGroup>
  <ItemGroup>
    <None Include="base.vert">
      <Filter>Source Files\shaders</Filter>
    </None>
    <None Include="base.frag">
      <Filter>Source Files\shaders</Filter>
    </None>
    <None Include="..\..\..\Shaders\discoCubeVert.glsl">
      <Filter>Source Files\shaders</Filter>
    </None>
    <None Include="..\..\..\Shaders\discoCubeFrag.glsl">
      <Filter>Source Files\shaders</Filter>
    </None>
    <None Include="phongSun.vert">
      <Filter>Source Files\shaders</Filter>
    </None>
    <None Include="phongSun.frag">
      <Filter>Source Files\shaders</Filter>
    </None>
    <None Include="texturedUnlit.vert">
      <Filter>Source Files\shaders</Filter>
    </None>
    <None Include="texturedUnlit.frag">
      <Filter>Source Files\shaders</Filter>
    </None>
    <None Include="texturedSimple.vert">
      <Filter>Source Files\shaders</Filter>
    </None>
    <None Include="texturedSimple.frag">
      <Filter>Source Files\shaders</Filter>
    </None>
    <None Include="diffuseSpec.vert">
      <Filter>Source Files\shaders</Filter>
    </None>
    <None Include="diffuseSpec.frag">
      <Filter>Source Files\shaders</Filter>
    </None>
    <None Include="phongFull.vert">
      <Filter>Source Files\shaders</Filter>
    </None>
    <None Include="phongFull.frag">
      <Filter>Source Files\shaders</Filter>
    </None>
    <None Include="displacePhong.vert">
      <Filter>Source Files\shaders</Filter>
    </None>
    <None Include="displacePhong.frag">
      <Filter>Source Files\shaders</Filter>
    </None>
    <None Include="standard.vert">
      <Filter>Source Files\shaders</Filter>
    </None>
    <None Include="standard.frag">
      <Filter>Source Files\shaders</Filter>
    </None>
    <None Include="PBR.vert">
      <Filter>Source Files\shaders</Filter>
    </None>
    <None Include="PBR.frag">
      <Filter>Source Files\shaders</Filter>
    </None>
    <None Include="dialectric.vert">
      <Filter>Source Files\shaders</Filter>
    </None>
    <None Include="dialectric.frag">
      <Filter>Source Files\shaders</Filter>
    </None>
    <None Include="metallic.vert">
      <Filter>Source Files\shaders</Filter>
    </None>
    <None Include="metallic.frag">
      <Filter>Source Files\shaders</Filter>
    </None>
    <None Include="PBR_simple.vert">
      <Filter>Source Files\shaders</Filter>
    </None>
    <None Include="PBR_simple.frag">
      <Filter>Source Files\shaders</Filter>
    </None>
    <None Include="skin.vert">
      <Filter>Source Files\shaders</Filter>
    </None>
    <None Include="skin.frag">
      <Filter>Source Files\shaders</Filter>
    </None>
    <None Include="cubeMap.vert">
      <Filter>Source Files\shaders</Filter>
    </None>
    <None Include="cubeMap.frag">
      <Filter>Source Files\shaders</Filter>
    </None>
    <None Include="PBR_emissive.frag">
      <Filter>Source Files\shaders</Filter>
    </None>
  </ItemGroup>
  <ItemGroup>
    <Image Include="gf.bmp">
      <Filter>Source Files\textures</Filter>
    </Image>
    <Image Include="specular.bmp">
      <Filter>Source Files\textures</Filter>
    </Image>
  </ItemGroup>
</Project>